PODS:
  - Bolts/Tasks (1.9.1)
  - DateTools (2.0.0)
  - JVFloatLabeledTextField (1.2.2)
  - MaterialComponents/Availability (124.2.0)
  - MaterialComponents/Elevation (124.2.0):
    - MaterialComponents/Availability
    - MaterialComponents/private/Color
    - MaterialComponents/private/Math
  - MaterialComponents/FlexibleHeader (124.2.0):
    - MaterialComponents/Availability
    - MaterialComponents/Elevation
    - "MaterialComponents/FlexibleHeader+ShiftBehavior"
    - "MaterialComponents/FlexibleHeader+ShiftBehaviorEnabledWithStatusBar"
    - MaterialComponents/private/Application
    - MaterialComponents/private/Math
    - MaterialComponents/private/UIMetrics
    - MaterialComponents/ShadowElevations
    - MaterialComponents/ShadowLayer
    - MDFTextAccessibility
  - "MaterialComponents/FlexibleHeader+ShiftBehavior (124.2.0)"
  - "MaterialComponents/FlexibleHeader+ShiftBehaviorEnabledWithStatusBar (124.2.0)":
    - "MaterialComponents/FlexibleHeader+ShiftBehavior"
  - MaterialComponents/private/Application (124.2.0)
  - MaterialComponents/private/Color (124.2.0):
    - MaterialComponents/Availability
  - MaterialComponents/private/Math (124.2.0)
  - MaterialComponents/private/UIMetrics (124.2.0):
    - MaterialComponents/private/Application
  - MaterialComponents/ShadowElevations (124.2.0)
  - MaterialComponents/ShadowLayer (124.2.0):
    - MaterialComponents/ShadowElevations
  - MDFTextAccessibility (2.0.1)
  - NYSegmentedControl (1.1.0)
  - Parse (1.19.2):
    - Parse/Core (= 1.19.2)
  - Parse/Core (1.19.2):
    - Bolts/Tasks (= 1.9.1)
  - pop (1.0.12)
  - SCLAlertView-Objective-C (1.2.0)
  - SVProgressHUD (2.2.5)
  - VBFPopFlatButton (0.0.7):
    - pop

DEPENDENCIES:
  - DateTools
  - JVFloatLabeledTextField
  - MaterialComponents/FlexibleHeader
  - NYSegmentedControl
  - Parse
  - SCLAlertView-Objective-C
  - SVProgressHUD
  - VBFPopFlatButton

SPEC REPOS:
  trunk:
    - Bolts
    - DateTools
    - JVFloatLabeledTextField
    - MaterialComponents
    - MDFTextAccessibility
    - NYSegmentedControl
    - Parse
    - pop
    - SCLAlertView-Objective-C
    - SVProgressHUD
    - VBFPopFlatButton

SPEC CHECKSUMS:
  Bolts: 8c1e8aab2f603387b8b9924f57d1d64f43d3ffdc
  DateTools: 933ac9c490f21f92127cf690ccd8c397e0126caf
  JVFloatLabeledTextField: df48598472ee015701d509f43e59492a0d4ca208
  MaterialComponents: 1a9b2d9d45b1601ae544de85089adc4c464306d4
  MDFTextAccessibility: f4bb4cc2194286651b59a215fdeaa0e05dc90ba5
  NYSegmentedControl: a92726c9e459919549f94328389ffcdaecefebfe
  Parse: 081fb8755c3000fd11df817eec235def233d0af3
  pop: d582054913807fd11fd50bfe6a539d91c7e1a55a
  SCLAlertView-Objective-C: 84f12f66d779dadad7f293e5e8b7697ba4254ee0
  SVProgressHUD: 1428aafac632c1f86f62aa4243ec12008d7a51d6
  VBFPopFlatButton: 39e48ab56277f3d056734a9b5ec5d0cc60d69778

PODFILE CHECKSUM: 6d563fc28a42d2a9bb2d31c84e8f6ef21c9bf724

COCOAPODS: 1.10.1
