// !$*UTF8*$!
{
	archiveVersion = 1;
	classes = {
	};
	objectVersion = 51;
	objects = {

/* Begin PBXBuildFile section */
		1BA2AA65C4DBAEAE0086E1AE /* Pods_favorites_favoritesUITests.framework in Frameworks */ = {isa = PBXBuildFile; fileRef = F520BB211E9F659EDFFD019D /* Pods_favorites_favoritesUITests.framework */; };
		3028EF99693778FD2071D593 /* Pods_favoritesTests.framework in Frameworks */ = {isa = PBXBuildFile; fileRef = D464BD913504612C1DB8FF88 /* Pods_favoritesTests.framework */; };
		460DABF0269F30E7000220D0 /* UpdateCell.m in Sources */ = {isa = PBXBuildFile; fileRef = 460DABEF269F30E7000220D0 /* UpdateCell.m */; };
		460DABF3269F3631000220D0 /* ComposeUpdateViewController.m in Sources */ = {isa = PBXBuildFile; fileRef = 460DABF2269F3631000220D0 /* ComposeUpdateViewController.m */; };
		460DABF6269F3AEA000220D0 /* Update.m in Sources */ = {isa = PBXBuildFile; fileRef = 460DABF5269F3AEA000220D0 /* Update.m */; };
		463278AC26A1C33E007BCA59 /* ListFriendsViewController.m in Sources */ = {isa = PBXBuildFile; fileRef = 463278AB26A1C33E007BCA59 /* ListFriendsViewController.m */; };
		463278AF26A1C3BE007BCA59 /* ListFriendCell.m in Sources */ = {isa = PBXBuildFile; fileRef = 463278AE26A1C3BE007BCA59 /* ListFriendCell.m */; };
		4648296226A706C400482CB1 /* Like.m in Sources */ = {isa = PBXBuildFile; fileRef = 4648296126A706C400482CB1 /* Like.m */; };
		4648296826A73DBA00482CB1 /* CommentsViewController.m in Sources */ = {isa = PBXBuildFile; fileRef = 4648296726A73DBA00482CB1 /* CommentsViewController.m */; };
		4648296B26A743D200482CB1 /* CommentCell.m in Sources */ = {isa = PBXBuildFile; fileRef = 4648296A26A743D200482CB1 /* CommentCell.m */; };
		4648296E26A7458900482CB1 /* Comment.m in Sources */ = {isa = PBXBuildFile; fileRef = 4648296D26A7458900482CB1 /* Comment.m */; };
		4648297526A8566A00482CB1 /* UpdateAnnotation.m in Sources */ = {isa = PBXBuildFile; fileRef = 4648297426A8566A00482CB1 /* UpdateAnnotation.m */; };
		4648297826A87A9700482CB1 /* UpdateDetailsViewController.m in Sources */ = {isa = PBXBuildFile; fileRef = 4648297726A87A9700482CB1 /* UpdateDetailsViewController.m */; };
		4648297E26AA10DE00482CB1 /* LikesViewController.m in Sources */ = {isa = PBXBuildFile; fileRef = 4648297D26AA10DE00482CB1 /* LikesViewController.m */; };
		4648298126AA117500482CB1 /* LikeCell.m in Sources */ = {isa = PBXBuildFile; fileRef = 4648298026AA117500482CB1 /* LikeCell.m */; };
		4648298426AA2AD600482CB1 /* CommentNotificationCell.m in Sources */ = {isa = PBXBuildFile; fileRef = 4648298326AA2AD600482CB1 /* CommentNotificationCell.m */; };
		464829C826B04D5700482CB1 /* GroupsViewController.m in Sources */ = {isa = PBXBuildFile; fileRef = 464829C726B04D5700482CB1 /* GroupsViewController.m */; };
		464829CB26B04EF000482CB1 /* Group.m in Sources */ = {isa = PBXBuildFile; fileRef = 464829CA26B04EF000482CB1 /* Group.m */; };
		464829CE26B0528F00482CB1 /* GroupCell.m in Sources */ = {isa = PBXBuildFile; fileRef = 464829CD26B0528F00482CB1 /* GroupCell.m */; };
		464D1D92269C7EB500C32AE2 /* AppDelegate.m in Sources */ = {isa = PBXBuildFile; fileRef = 464D1D91269C7EB500C32AE2 /* AppDelegate.m */; };
		464D1D95269C7EB500C32AE2 /* SceneDelegate.m in Sources */ = {isa = PBXBuildFile; fileRef = 464D1D94269C7EB500C32AE2 /* SceneDelegate.m */; };
		464D1D9B269C7EB500C32AE2 /* Main.storyboard in Resources */ = {isa = PBXBuildFile; fileRef = 464D1D99269C7EB500C32AE2 /* Main.storyboard */; };
		464D1D9D269C7EC000C32AE2 /* Assets.xcassets in Resources */ = {isa = PBXBuildFile; fileRef = 464D1D9C269C7EC000C32AE2 /* Assets.xcassets */; };
		464D1DA0269C7EC000C32AE2 /* LaunchScreen.storyboard in Resources */ = {isa = PBXBuildFile; fileRef = 464D1D9E269C7EC000C32AE2 /* LaunchScreen.storyboard */; };
		464D1DA3269C7EC000C32AE2 /* main.m in Sources */ = {isa = PBXBuildFile; fileRef = 464D1DA2269C7EC000C32AE2 /* main.m */; };
		464D1DAD269C7EC300C32AE2 /* favoritesTests.m in Sources */ = {isa = PBXBuildFile; fileRef = 464D1DAC269C7EC300C32AE2 /* favoritesTests.m */; };
		464D1DB8269C7EC300C32AE2 /* favoritesUITests.m in Sources */ = {isa = PBXBuildFile; fileRef = 464D1DB7269C7EC300C32AE2 /* favoritesUITests.m */; };
		464D1DC8269C8EC300C32AE2 /* MapViewController.m in Sources */ = {isa = PBXBuildFile; fileRef = 464D1DC7269C8EC300C32AE2 /* MapViewController.m */; };
		464D1DCB269C8F2100C32AE2 /* FeedViewController.m in Sources */ = {isa = PBXBuildFile; fileRef = 464D1DCA269C8F2100C32AE2 /* FeedViewController.m */; };
		464D1DCE269C8F2900C32AE2 /* ProfileViewController.m in Sources */ = {isa = PBXBuildFile; fileRef = 464D1DCD269C8F2900C32AE2 /* ProfileViewController.m */; };
		464D1DD1269C8FDF00C32AE2 /* LoginViewController.m in Sources */ = {isa = PBXBuildFile; fileRef = 464D1DD0269C8FDF00C32AE2 /* LoginViewController.m */; };
		464D1E14269CF49A00C32AE2 /* MapKit.framework in Frameworks */ = {isa = PBXBuildFile; fileRef = 464D1E13269CF49A00C32AE2 /* MapKit.framework */; };
		464D1E17269D323300C32AE2 /* SearchLocationsViewController.m in Sources */ = {isa = PBXBuildFile; fileRef = 464D1E16269D323300C32AE2 /* SearchLocationsViewController.m */; };
		464D1E1B269D328300C32AE2 /* LocationCell.m in Sources */ = {isa = PBXBuildFile; fileRef = 464D1E1A269D328300C32AE2 /* LocationCell.m */; };
		464D1E1E269DBB0D00C32AE2 /* AddPinViewController.m in Sources */ = {isa = PBXBuildFile; fileRef = 464D1E1D269DBB0D00C32AE2 /* AddPinViewController.m */; };
		464D1E21269E350D00C32AE2 /* PinAnnotation.m in Sources */ = {isa = PBXBuildFile; fileRef = 464D1E20269E350D00C32AE2 /* PinAnnotation.m */; };
		464D1E25269E511C00C32AE2 /* Pin.m in Sources */ = {isa = PBXBuildFile; fileRef = 464D1E24269E511C00C32AE2 /* Pin.m */; };
		464D1E28269E5F1900C32AE2 /* PinDetailsViewController.m in Sources */ = {isa = PBXBuildFile; fileRef = 464D1E27269E5F1900C32AE2 /* PinDetailsViewController.m */; };
		46A36B31269F7475003C3429 /* MyPinsViewController.m in Sources */ = {isa = PBXBuildFile; fileRef = 46A36B30269F7475003C3429 /* MyPinsViewController.m */; };
		46A36B35269F7568003C3429 /* MyPinCell.m in Sources */ = {isa = PBXBuildFile; fileRef = 46A36B34269F7568003C3429 /* MyPinCell.m */; };
		46A36B38269F8CD6003C3429 /* ShowLocationOnMapViewController.m in Sources */ = {isa = PBXBuildFile; fileRef = 46A36B37269F8CD6003C3429 /* ShowLocationOnMapViewController.m */; };
		46A36B3B269F9A85003C3429 /* AddFriendsViewController.m in Sources */ = {isa = PBXBuildFile; fileRef = 46A36B3A269F9A85003C3429 /* AddFriendsViewController.m */; };
		46A36B3E269F9AE4003C3429 /* AddFriendCell.m in Sources */ = {isa = PBXBuildFile; fileRef = 46A36B3D269F9AE4003C3429 /* AddFriendCell.m */; };
		46A36B41269FD0FD003C3429 /* FriendRequest.m in Sources */ = {isa = PBXBuildFile; fileRef = 46A36B40269FD0FD003C3429 /* FriendRequest.m */; };
		46A36B4426A0839E003C3429 /* NotificationsViewController.m in Sources */ = {isa = PBXBuildFile; fileRef = 46A36B4326A0839E003C3429 /* NotificationsViewController.m */; };
		46A36B4726A0844A003C3429 /* FriendRequestCell.m in Sources */ = {isa = PBXBuildFile; fileRef = 46A36B4626A0844A003C3429 /* FriendRequestCell.m */; };
		46A36B4A26A08C55003C3429 /* Friend.m in Sources */ = {isa = PBXBuildFile; fileRef = 46A36B4926A08C55003C3429 /* Friend.m */; };
		46A36B4D26A0D01A003C3429 /* ProfileHeaderCell.m in Sources */ = {isa = PBXBuildFile; fileRef = 46A36B4C26A0D01A003C3429 /* ProfileHeaderCell.m */; };
		46A36B5026A0D32E003C3429 /* ProfileUpdateCell.m in Sources */ = {isa = PBXBuildFile; fileRef = 46A36B4F26A0D32E003C3429 /* ProfileUpdateCell.m */; };
		46A36B5326A0ECE4003C3429 /* EditProfileViewController.m in Sources */ = {isa = PBXBuildFile; fileRef = 46A36B5226A0ECE4003C3429 /* EditProfileViewController.m */; };
		46B59A3226A5E4C000D384D4 /* APIManager.m in Sources */ = {isa = PBXBuildFile; fileRef = 46B59A3126A5E4C000D384D4 /* APIManager.m */; };
		46B59A3526A642F600D384D4 /* WebsiteViewController.m in Sources */ = {isa = PBXBuildFile; fileRef = 46B59A3426A642F600D384D4 /* WebsiteViewController.m */; };
		46B59A3826A66CEA00D384D4 /* ListPinsViewController.m in Sources */ = {isa = PBXBuildFile; fileRef = 46B59A3726A66CE900D384D4 /* ListPinsViewController.m */; };
		46B59A3B26A66D1800D384D4 /* ListPinCell.m in Sources */ = {isa = PBXBuildFile; fileRef = 46B59A3A26A66D1800D384D4 /* ListPinCell.m */; };
		A50209F1761945099FC0662A /* Pods_favorites.framework in Frameworks */ = {isa = PBXBuildFile; fileRef = 5A1B88076CE8FC1A9BA6328B /* Pods_favorites.framework */; };
/* End PBXBuildFile section */

/* Begin PBXContainerItemProxy section */
		464D1DA9269C7EC300C32AE2 /* PBXContainerItemProxy */ = {
			isa = PBXContainerItemProxy;
			containerPortal = 464D1D85269C7EB400C32AE2 /* Project object */;
			proxyType = 1;
			remoteGlobalIDString = 464D1D8C269C7EB500C32AE2;
			remoteInfo = favorites;
		};
		464D1DB4269C7EC300C32AE2 /* PBXContainerItemProxy */ = {
			isa = PBXContainerItemProxy;
			containerPortal = 464D1D85269C7EB400C32AE2 /* Project object */;
			proxyType = 1;
			remoteGlobalIDString = 464D1D8C269C7EB500C32AE2;
			remoteInfo = favorites;
		};
/* End PBXContainerItemProxy section */

/* Begin PBXFileReference section */
		0210087384DCC8DAD2D8B50F /* Pods-favorites-favoritesUITests.release.xcconfig */ = {isa = PBXFileReference; includeInIndex = 1; lastKnownFileType = text.xcconfig; name = "Pods-favorites-favoritesUITests.release.xcconfig"; path = "Target Support Files/Pods-favorites-favoritesUITests/Pods-favorites-favoritesUITests.release.xcconfig"; sourceTree = "<group>"; };
		10D093E72DD4F3B51C40D178 /* Pods-favorites.release.xcconfig */ = {isa = PBXFileReference; includeInIndex = 1; lastKnownFileType = text.xcconfig; name = "Pods-favorites.release.xcconfig"; path = "Target Support Files/Pods-favorites/Pods-favorites.release.xcconfig"; sourceTree = "<group>"; };
		31FC1AED190C44A23AEBBBA3 /* Pods-favoritesTests.release.xcconfig */ = {isa = PBXFileReference; includeInIndex = 1; lastKnownFileType = text.xcconfig; name = "Pods-favoritesTests.release.xcconfig"; path = "Target Support Files/Pods-favoritesTests/Pods-favoritesTests.release.xcconfig"; sourceTree = "<group>"; };
		460DABEE269F30E7000220D0 /* UpdateCell.h */ = {isa = PBXFileReference; lastKnownFileType = sourcecode.c.h; path = UpdateCell.h; sourceTree = "<group>"; };
		460DABEF269F30E7000220D0 /* UpdateCell.m */ = {isa = PBXFileReference; lastKnownFileType = sourcecode.c.objc; path = UpdateCell.m; sourceTree = "<group>"; };
		460DABF1269F3631000220D0 /* ComposeUpdateViewController.h */ = {isa = PBXFileReference; lastKnownFileType = sourcecode.c.h; path = ComposeUpdateViewController.h; sourceTree = "<group>"; };
		460DABF2269F3631000220D0 /* ComposeUpdateViewController.m */ = {isa = PBXFileReference; lastKnownFileType = sourcecode.c.objc; path = ComposeUpdateViewController.m; sourceTree = "<group>"; };
		460DABF4269F3AEA000220D0 /* Update.h */ = {isa = PBXFileReference; lastKnownFileType = sourcecode.c.h; path = Update.h; sourceTree = "<group>"; };
		460DABF5269F3AEA000220D0 /* Update.m */ = {isa = PBXFileReference; lastKnownFileType = sourcecode.c.objc; path = Update.m; sourceTree = "<group>"; };
		463278AA26A1C33E007BCA59 /* ListFriendsViewController.h */ = {isa = PBXFileReference; lastKnownFileType = sourcecode.c.h; path = ListFriendsViewController.h; sourceTree = "<group>"; };
		463278AB26A1C33E007BCA59 /* ListFriendsViewController.m */ = {isa = PBXFileReference; lastKnownFileType = sourcecode.c.objc; path = ListFriendsViewController.m; sourceTree = "<group>"; };
		463278AD26A1C3BE007BCA59 /* ListFriendCell.h */ = {isa = PBXFileReference; lastKnownFileType = sourcecode.c.h; path = ListFriendCell.h; sourceTree = "<group>"; };
		463278AE26A1C3BE007BCA59 /* ListFriendCell.m */ = {isa = PBXFileReference; lastKnownFileType = sourcecode.c.objc; path = ListFriendCell.m; sourceTree = "<group>"; };
		4648296026A706C400482CB1 /* Like.h */ = {isa = PBXFileReference; lastKnownFileType = sourcecode.c.h; path = Like.h; sourceTree = "<group>"; };
		4648296126A706C400482CB1 /* Like.m */ = {isa = PBXFileReference; lastKnownFileType = sourcecode.c.objc; path = Like.m; sourceTree = "<group>"; };
		4648296626A73DBA00482CB1 /* CommentsViewController.h */ = {isa = PBXFileReference; lastKnownFileType = sourcecode.c.h; path = CommentsViewController.h; sourceTree = "<group>"; };
		4648296726A73DBA00482CB1 /* CommentsViewController.m */ = {isa = PBXFileReference; lastKnownFileType = sourcecode.c.objc; path = CommentsViewController.m; sourceTree = "<group>"; };
		4648296926A743D200482CB1 /* CommentCell.h */ = {isa = PBXFileReference; lastKnownFileType = sourcecode.c.h; path = CommentCell.h; sourceTree = "<group>"; };
		4648296A26A743D200482CB1 /* CommentCell.m */ = {isa = PBXFileReference; lastKnownFileType = sourcecode.c.objc; path = CommentCell.m; sourceTree = "<group>"; };
		4648296C26A7458900482CB1 /* Comment.h */ = {isa = PBXFileReference; lastKnownFileType = sourcecode.c.h; path = Comment.h; sourceTree = "<group>"; };
		4648296D26A7458900482CB1 /* Comment.m */ = {isa = PBXFileReference; lastKnownFileType = sourcecode.c.objc; path = Comment.m; sourceTree = "<group>"; };
		4648296F26A7B05400482CB1 /* favorites.entitlements */ = {isa = PBXFileReference; lastKnownFileType = text.plist.entitlements; path = favorites.entitlements; sourceTree = "<group>"; };
		4648297326A8566A00482CB1 /* UpdateAnnotation.h */ = {isa = PBXFileReference; lastKnownFileType = sourcecode.c.h; path = UpdateAnnotation.h; sourceTree = "<group>"; };
		4648297426A8566A00482CB1 /* UpdateAnnotation.m */ = {isa = PBXFileReference; lastKnownFileType = sourcecode.c.objc; path = UpdateAnnotation.m; sourceTree = "<group>"; };
		4648297626A87A9700482CB1 /* UpdateDetailsViewController.h */ = {isa = PBXFileReference; lastKnownFileType = sourcecode.c.h; path = UpdateDetailsViewController.h; sourceTree = "<group>"; };
		4648297726A87A9700482CB1 /* UpdateDetailsViewController.m */ = {isa = PBXFileReference; lastKnownFileType = sourcecode.c.objc; path = UpdateDetailsViewController.m; sourceTree = "<group>"; };
		4648297C26AA10DE00482CB1 /* LikesViewController.h */ = {isa = PBXFileReference; lastKnownFileType = sourcecode.c.h; path = LikesViewController.h; sourceTree = "<group>"; };
		4648297D26AA10DE00482CB1 /* LikesViewController.m */ = {isa = PBXFileReference; lastKnownFileType = sourcecode.c.objc; path = LikesViewController.m; sourceTree = "<group>"; };
		4648297F26AA117500482CB1 /* LikeCell.h */ = {isa = PBXFileReference; lastKnownFileType = sourcecode.c.h; path = LikeCell.h; sourceTree = "<group>"; };
		4648298026AA117500482CB1 /* LikeCell.m */ = {isa = PBXFileReference; lastKnownFileType = sourcecode.c.objc; path = LikeCell.m; sourceTree = "<group>"; };
		4648298226AA2AD600482CB1 /* CommentNotificationCell.h */ = {isa = PBXFileReference; lastKnownFileType = sourcecode.c.h; path = CommentNotificationCell.h; sourceTree = "<group>"; };
		4648298326AA2AD600482CB1 /* CommentNotificationCell.m */ = {isa = PBXFileReference; lastKnownFileType = sourcecode.c.objc; path = CommentNotificationCell.m; sourceTree = "<group>"; };
		464829C626B04D5700482CB1 /* GroupsViewController.h */ = {isa = PBXFileReference; lastKnownFileType = sourcecode.c.h; path = GroupsViewController.h; sourceTree = "<group>"; };
		464829C726B04D5700482CB1 /* GroupsViewController.m */ = {isa = PBXFileReference; lastKnownFileType = sourcecode.c.objc; path = GroupsViewController.m; sourceTree = "<group>"; };
		464829C926B04EF000482CB1 /* Group.h */ = {isa = PBXFileReference; lastKnownFileType = sourcecode.c.h; path = Group.h; sourceTree = "<group>"; };
		464829CA26B04EF000482CB1 /* Group.m */ = {isa = PBXFileReference; lastKnownFileType = sourcecode.c.objc; path = Group.m; sourceTree = "<group>"; };
		464829CC26B0528F00482CB1 /* GroupCell.h */ = {isa = PBXFileReference; lastKnownFileType = sourcecode.c.h; path = GroupCell.h; sourceTree = "<group>"; };
		464829CD26B0528F00482CB1 /* GroupCell.m */ = {isa = PBXFileReference; lastKnownFileType = sourcecode.c.objc; path = GroupCell.m; sourceTree = "<group>"; };
		464D1D8D269C7EB500C32AE2 /* favorites.app */ = {isa = PBXFileReference; explicitFileType = wrapper.application; includeInIndex = 0; path = favorites.app; sourceTree = BUILT_PRODUCTS_DIR; };
		464D1D90269C7EB500C32AE2 /* AppDelegate.h */ = {isa = PBXFileReference; lastKnownFileType = sourcecode.c.h; path = AppDelegate.h; sourceTree = "<group>"; };
		464D1D91269C7EB500C32AE2 /* AppDelegate.m */ = {isa = PBXFileReference; lastKnownFileType = sourcecode.c.objc; path = AppDelegate.m; sourceTree = "<group>"; };
		464D1D93269C7EB500C32AE2 /* SceneDelegate.h */ = {isa = PBXFileReference; lastKnownFileType = sourcecode.c.h; path = SceneDelegate.h; sourceTree = "<group>"; };
		464D1D94269C7EB500C32AE2 /* SceneDelegate.m */ = {isa = PBXFileReference; lastKnownFileType = sourcecode.c.objc; path = SceneDelegate.m; sourceTree = "<group>"; };
		464D1D9A269C7EB500C32AE2 /* Base */ = {isa = PBXFileReference; lastKnownFileType = file.storyboard; name = Base; path = Base.lproj/Main.storyboard; sourceTree = "<group>"; };
		464D1D9C269C7EC000C32AE2 /* Assets.xcassets */ = {isa = PBXFileReference; lastKnownFileType = folder.assetcatalog; path = Assets.xcassets; sourceTree = "<group>"; };
		464D1D9F269C7EC000C32AE2 /* Base */ = {isa = PBXFileReference; lastKnownFileType = file.storyboard; name = Base; path = Base.lproj/LaunchScreen.storyboard; sourceTree = "<group>"; };
		464D1DA1269C7EC000C32AE2 /* Info.plist */ = {isa = PBXFileReference; lastKnownFileType = text.plist.xml; path = Info.plist; sourceTree = "<group>"; };
		464D1DA2269C7EC000C32AE2 /* main.m */ = {isa = PBXFileReference; lastKnownFileType = sourcecode.c.objc; path = main.m; sourceTree = "<group>"; };
		464D1DA8269C7EC300C32AE2 /* favoritesTests.xctest */ = {isa = PBXFileReference; explicitFileType = wrapper.cfbundle; includeInIndex = 0; path = favoritesTests.xctest; sourceTree = BUILT_PRODUCTS_DIR; };
		464D1DAC269C7EC300C32AE2 /* favoritesTests.m */ = {isa = PBXFileReference; lastKnownFileType = sourcecode.c.objc; path = favoritesTests.m; sourceTree = "<group>"; };
		464D1DAE269C7EC300C32AE2 /* Info.plist */ = {isa = PBXFileReference; lastKnownFileType = text.plist.xml; path = Info.plist; sourceTree = "<group>"; };
		464D1DB3269C7EC300C32AE2 /* favoritesUITests.xctest */ = {isa = PBXFileReference; explicitFileType = wrapper.cfbundle; includeInIndex = 0; path = favoritesUITests.xctest; sourceTree = BUILT_PRODUCTS_DIR; };
		464D1DB7269C7EC300C32AE2 /* favoritesUITests.m */ = {isa = PBXFileReference; lastKnownFileType = sourcecode.c.objc; path = favoritesUITests.m; sourceTree = "<group>"; };
		464D1DB9269C7EC300C32AE2 /* Info.plist */ = {isa = PBXFileReference; lastKnownFileType = text.plist.xml; path = Info.plist; sourceTree = "<group>"; };
		464D1DC6269C8EC300C32AE2 /* MapViewController.h */ = {isa = PBXFileReference; lastKnownFileType = sourcecode.c.h; path = MapViewController.h; sourceTree = "<group>"; };
		464D1DC7269C8EC300C32AE2 /* MapViewController.m */ = {isa = PBXFileReference; lastKnownFileType = sourcecode.c.objc; path = MapViewController.m; sourceTree = "<group>"; };
		464D1DC9269C8F2100C32AE2 /* FeedViewController.h */ = {isa = PBXFileReference; lastKnownFileType = sourcecode.c.h; path = FeedViewController.h; sourceTree = "<group>"; };
		464D1DCA269C8F2100C32AE2 /* FeedViewController.m */ = {isa = PBXFileReference; lastKnownFileType = sourcecode.c.objc; path = FeedViewController.m; sourceTree = "<group>"; };
		464D1DCC269C8F2900C32AE2 /* ProfileViewController.h */ = {isa = PBXFileReference; lastKnownFileType = sourcecode.c.h; path = ProfileViewController.h; sourceTree = "<group>"; };
		464D1DCD269C8F2900C32AE2 /* ProfileViewController.m */ = {isa = PBXFileReference; lastKnownFileType = sourcecode.c.objc; path = ProfileViewController.m; sourceTree = "<group>"; };
		464D1DCF269C8FDF00C32AE2 /* LoginViewController.h */ = {isa = PBXFileReference; lastKnownFileType = sourcecode.c.h; path = LoginViewController.h; sourceTree = "<group>"; };
		464D1DD0269C8FDF00C32AE2 /* LoginViewController.m */ = {isa = PBXFileReference; lastKnownFileType = sourcecode.c.objc; path = LoginViewController.m; sourceTree = "<group>"; };
		464D1E13269CF49A00C32AE2 /* MapKit.framework */ = {isa = PBXFileReference; lastKnownFileType = wrapper.framework; name = MapKit.framework; path = System/Library/Frameworks/MapKit.framework; sourceTree = SDKROOT; };
		464D1E15269D323300C32AE2 /* SearchLocationsViewController.h */ = {isa = PBXFileReference; lastKnownFileType = sourcecode.c.h; path = SearchLocationsViewController.h; sourceTree = "<group>"; };
		464D1E16269D323300C32AE2 /* SearchLocationsViewController.m */ = {isa = PBXFileReference; lastKnownFileType = sourcecode.c.objc; path = SearchLocationsViewController.m; sourceTree = "<group>"; };
		464D1E19269D328300C32AE2 /* LocationCell.h */ = {isa = PBXFileReference; lastKnownFileType = sourcecode.c.h; path = LocationCell.h; sourceTree = "<group>"; };
		464D1E1A269D328300C32AE2 /* LocationCell.m */ = {isa = PBXFileReference; lastKnownFileType = sourcecode.c.objc; path = LocationCell.m; sourceTree = "<group>"; };
		464D1E1C269DBB0D00C32AE2 /* AddPinViewController.h */ = {isa = PBXFileReference; lastKnownFileType = sourcecode.c.h; path = AddPinViewController.h; sourceTree = "<group>"; };
		464D1E1D269DBB0D00C32AE2 /* AddPinViewController.m */ = {isa = PBXFileReference; lastKnownFileType = sourcecode.c.objc; path = AddPinViewController.m; sourceTree = "<group>"; };
		464D1E1F269E350D00C32AE2 /* PinAnnotation.h */ = {isa = PBXFileReference; lastKnownFileType = sourcecode.c.h; path = PinAnnotation.h; sourceTree = "<group>"; };
		464D1E20269E350D00C32AE2 /* PinAnnotation.m */ = {isa = PBXFileReference; lastKnownFileType = sourcecode.c.objc; path = PinAnnotation.m; sourceTree = "<group>"; };
		464D1E23269E511C00C32AE2 /* Pin.h */ = {isa = PBXFileReference; lastKnownFileType = sourcecode.c.h; path = Pin.h; sourceTree = "<group>"; };
		464D1E24269E511C00C32AE2 /* Pin.m */ = {isa = PBXFileReference; lastKnownFileType = sourcecode.c.objc; path = Pin.m; sourceTree = "<group>"; };
		464D1E26269E5F1900C32AE2 /* PinDetailsViewController.h */ = {isa = PBXFileReference; lastKnownFileType = sourcecode.c.h; path = PinDetailsViewController.h; sourceTree = "<group>"; };
		464D1E27269E5F1900C32AE2 /* PinDetailsViewController.m */ = {isa = PBXFileReference; lastKnownFileType = sourcecode.c.objc; path = PinDetailsViewController.m; sourceTree = "<group>"; };
		46A36B2F269F7475003C3429 /* MyPinsViewController.h */ = {isa = PBXFileReference; lastKnownFileType = sourcecode.c.h; path = MyPinsViewController.h; sourceTree = "<group>"; };
		46A36B30269F7475003C3429 /* MyPinsViewController.m */ = {isa = PBXFileReference; lastKnownFileType = sourcecode.c.objc; path = MyPinsViewController.m; sourceTree = "<group>"; };
		46A36B33269F7568003C3429 /* MyPinCell.h */ = {isa = PBXFileReference; lastKnownFileType = sourcecode.c.h; path = MyPinCell.h; sourceTree = "<group>"; };
		46A36B34269F7568003C3429 /* MyPinCell.m */ = {isa = PBXFileReference; lastKnownFileType = sourcecode.c.objc; path = MyPinCell.m; sourceTree = "<group>"; };
		46A36B36269F8CD6003C3429 /* ShowLocationOnMapViewController.h */ = {isa = PBXFileReference; lastKnownFileType = sourcecode.c.h; path = ShowLocationOnMapViewController.h; sourceTree = "<group>"; };
		46A36B37269F8CD6003C3429 /* ShowLocationOnMapViewController.m */ = {isa = PBXFileReference; lastKnownFileType = sourcecode.c.objc; path = ShowLocationOnMapViewController.m; sourceTree = "<group>"; };
		46A36B39269F9A85003C3429 /* AddFriendsViewController.h */ = {isa = PBXFileReference; lastKnownFileType = sourcecode.c.h; path = AddFriendsViewController.h; sourceTree = "<group>"; };
		46A36B3A269F9A85003C3429 /* AddFriendsViewController.m */ = {isa = PBXFileReference; lastKnownFileType = sourcecode.c.objc; path = AddFriendsViewController.m; sourceTree = "<group>"; };
		46A36B3C269F9AE4003C3429 /* AddFriendCell.h */ = {isa = PBXFileReference; lastKnownFileType = sourcecode.c.h; path = AddFriendCell.h; sourceTree = "<group>"; };
		46A36B3D269F9AE4003C3429 /* AddFriendCell.m */ = {isa = PBXFileReference; lastKnownFileType = sourcecode.c.objc; path = AddFriendCell.m; sourceTree = "<group>"; };
		46A36B3F269FD0FD003C3429 /* FriendRequest.h */ = {isa = PBXFileReference; lastKnownFileType = sourcecode.c.h; path = FriendRequest.h; sourceTree = "<group>"; };
		46A36B40269FD0FD003C3429 /* FriendRequest.m */ = {isa = PBXFileReference; lastKnownFileType = sourcecode.c.objc; path = FriendRequest.m; sourceTree = "<group>"; };
		46A36B4226A0839E003C3429 /* NotificationsViewController.h */ = {isa = PBXFileReference; lastKnownFileType = sourcecode.c.h; path = NotificationsViewController.h; sourceTree = "<group>"; };
		46A36B4326A0839E003C3429 /* NotificationsViewController.m */ = {isa = PBXFileReference; lastKnownFileType = sourcecode.c.objc; path = NotificationsViewController.m; sourceTree = "<group>"; };
		46A36B4526A0844A003C3429 /* FriendRequestCell.h */ = {isa = PBXFileReference; lastKnownFileType = sourcecode.c.h; path = FriendRequestCell.h; sourceTree = "<group>"; };
		46A36B4626A0844A003C3429 /* FriendRequestCell.m */ = {isa = PBXFileReference; lastKnownFileType = sourcecode.c.objc; path = FriendRequestCell.m; sourceTree = "<group>"; };
		46A36B4826A08C55003C3429 /* Friend.h */ = {isa = PBXFileReference; lastKnownFileType = sourcecode.c.h; path = Friend.h; sourceTree = "<group>"; };
		46A36B4926A08C55003C3429 /* Friend.m */ = {isa = PBXFileReference; lastKnownFileType = sourcecode.c.objc; path = Friend.m; sourceTree = "<group>"; };
		46A36B4B26A0D01A003C3429 /* ProfileHeaderCell.h */ = {isa = PBXFileReference; lastKnownFileType = sourcecode.c.h; path = ProfileHeaderCell.h; sourceTree = "<group>"; };
		46A36B4C26A0D01A003C3429 /* ProfileHeaderCell.m */ = {isa = PBXFileReference; lastKnownFileType = sourcecode.c.objc; path = ProfileHeaderCell.m; sourceTree = "<group>"; };
		46A36B4E26A0D32E003C3429 /* ProfileUpdateCell.h */ = {isa = PBXFileReference; lastKnownFileType = sourcecode.c.h; path = ProfileUpdateCell.h; sourceTree = "<group>"; };
		46A36B4F26A0D32E003C3429 /* ProfileUpdateCell.m */ = {isa = PBXFileReference; lastKnownFileType = sourcecode.c.objc; path = ProfileUpdateCell.m; sourceTree = "<group>"; };
		46A36B5126A0ECE4003C3429 /* EditProfileViewController.h */ = {isa = PBXFileReference; lastKnownFileType = sourcecode.c.h; path = EditProfileViewController.h; sourceTree = "<group>"; };
		46A36B5226A0ECE4003C3429 /* EditProfileViewController.m */ = {isa = PBXFileReference; lastKnownFileType = sourcecode.c.objc; path = EditProfileViewController.m; sourceTree = "<group>"; };
		46B59A3026A5E4C000D384D4 /* APIManager.h */ = {isa = PBXFileReference; lastKnownFileType = sourcecode.c.h; path = APIManager.h; sourceTree = "<group>"; };
		46B59A3126A5E4C000D384D4 /* APIManager.m */ = {isa = PBXFileReference; lastKnownFileType = sourcecode.c.objc; path = APIManager.m; sourceTree = "<group>"; };
		46B59A3326A642F600D384D4 /* WebsiteViewController.h */ = {isa = PBXFileReference; lastKnownFileType = sourcecode.c.h; path = WebsiteViewController.h; sourceTree = "<group>"; };
		46B59A3426A642F600D384D4 /* WebsiteViewController.m */ = {isa = PBXFileReference; lastKnownFileType = sourcecode.c.objc; path = WebsiteViewController.m; sourceTree = "<group>"; };
		46B59A3626A66CE900D384D4 /* ListPinsViewController.h */ = {isa = PBXFileReference; lastKnownFileType = sourcecode.c.h; path = ListPinsViewController.h; sourceTree = "<group>"; };
		46B59A3726A66CE900D384D4 /* ListPinsViewController.m */ = {isa = PBXFileReference; lastKnownFileType = sourcecode.c.objc; path = ListPinsViewController.m; sourceTree = "<group>"; };
		46B59A3926A66D1800D384D4 /* ListPinCell.h */ = {isa = PBXFileReference; lastKnownFileType = sourcecode.c.h; path = ListPinCell.h; sourceTree = "<group>"; };
		46B59A3A26A66D1800D384D4 /* ListPinCell.m */ = {isa = PBXFileReference; lastKnownFileType = sourcecode.c.objc; path = ListPinCell.m; sourceTree = "<group>"; };
		5A1B88076CE8FC1A9BA6328B /* Pods_favorites.framework */ = {isa = PBXFileReference; explicitFileType = wrapper.framework; includeInIndex = 0; path = Pods_favorites.framework; sourceTree = BUILT_PRODUCTS_DIR; };
		62C4F1D93C24C2071D8AAC05 /* Pods-favoritesTests.debug.xcconfig */ = {isa = PBXFileReference; includeInIndex = 1; lastKnownFileType = text.xcconfig; name = "Pods-favoritesTests.debug.xcconfig"; path = "Target Support Files/Pods-favoritesTests/Pods-favoritesTests.debug.xcconfig"; sourceTree = "<group>"; };
		A347F2FD08F02FC1F06C3623 /* Pods-favorites-favoritesUITests.debug.xcconfig */ = {isa = PBXFileReference; includeInIndex = 1; lastKnownFileType = text.xcconfig; name = "Pods-favorites-favoritesUITests.debug.xcconfig"; path = "Target Support Files/Pods-favorites-favoritesUITests/Pods-favorites-favoritesUITests.debug.xcconfig"; sourceTree = "<group>"; };
		BB00CEE9B600773DF33A2CAE /* Pods-favorites.debug.xcconfig */ = {isa = PBXFileReference; includeInIndex = 1; lastKnownFileType = text.xcconfig; name = "Pods-favorites.debug.xcconfig"; path = "Target Support Files/Pods-favorites/Pods-favorites.debug.xcconfig"; sourceTree = "<group>"; };
		D464BD913504612C1DB8FF88 /* Pods_favoritesTests.framework */ = {isa = PBXFileReference; explicitFileType = wrapper.framework; includeInIndex = 0; path = Pods_favoritesTests.framework; sourceTree = BUILT_PRODUCTS_DIR; };
		F520BB211E9F659EDFFD019D /* Pods_favorites_favoritesUITests.framework */ = {isa = PBXFileReference; explicitFileType = wrapper.framework; includeInIndex = 0; path = Pods_favorites_favoritesUITests.framework; sourceTree = BUILT_PRODUCTS_DIR; };
/* End PBXFileReference section */

/* Begin PBXFrameworksBuildPhase section */
		464D1D8A269C7EB500C32AE2 /* Frameworks */ = {
			isa = PBXFrameworksBuildPhase;
			buildActionMask = 2147483647;
			files = (
				464D1E14269CF49A00C32AE2 /* MapKit.framework in Frameworks */,
				A50209F1761945099FC0662A /* Pods_favorites.framework in Frameworks */,
			);
			runOnlyForDeploymentPostprocessing = 0;
		};
		464D1DA5269C7EC300C32AE2 /* Frameworks */ = {
			isa = PBXFrameworksBuildPhase;
			buildActionMask = 2147483647;
			files = (
				3028EF99693778FD2071D593 /* Pods_favoritesTests.framework in Frameworks */,
			);
			runOnlyForDeploymentPostprocessing = 0;
		};
		464D1DB0269C7EC300C32AE2 /* Frameworks */ = {
			isa = PBXFrameworksBuildPhase;
			buildActionMask = 2147483647;
			files = (
				1BA2AA65C4DBAEAE0086E1AE /* Pods_favorites_favoritesUITests.framework in Frameworks */,
			);
			runOnlyForDeploymentPostprocessing = 0;
		};
/* End PBXFrameworksBuildPhase section */

/* Begin PBXGroup section */
		346E1B17556B58DC61290424 /* Frameworks */ = {
			isa = PBXGroup;
			children = (
				464D1E13269CF49A00C32AE2 /* MapKit.framework */,
				5A1B88076CE8FC1A9BA6328B /* Pods_favorites.framework */,
				F520BB211E9F659EDFFD019D /* Pods_favorites_favoritesUITests.framework */,
				D464BD913504612C1DB8FF88 /* Pods_favoritesTests.framework */,
			);
			name = Frameworks;
			sourceTree = "<group>";
		};
		4648296326A73B4100482CB1 /* Feed */ = {
			isa = PBXGroup;
			children = (
				464D1DC9269C8F2100C32AE2 /* FeedViewController.h */,
				464D1DCA269C8F2100C32AE2 /* FeedViewController.m */,
				460DABF1269F3631000220D0 /* ComposeUpdateViewController.h */,
				460DABF2269F3631000220D0 /* ComposeUpdateViewController.m */,
				46A36B2F269F7475003C3429 /* MyPinsViewController.h */,
				46A36B30269F7475003C3429 /* MyPinsViewController.m */,
				46A36B36269F8CD6003C3429 /* ShowLocationOnMapViewController.h */,
				46A36B37269F8CD6003C3429 /* ShowLocationOnMapViewController.m */,
				46A36B39269F9A85003C3429 /* AddFriendsViewController.h */,
				46A36B3A269F9A85003C3429 /* AddFriendsViewController.m */,
				46A36B4226A0839E003C3429 /* NotificationsViewController.h */,
				46A36B4326A0839E003C3429 /* NotificationsViewController.m */,
				4648297C26AA10DE00482CB1 /* LikesViewController.h */,
				4648297D26AA10DE00482CB1 /* LikesViewController.m */,
				464829C626B04D5700482CB1 /* GroupsViewController.h */,
				464829C726B04D5700482CB1 /* GroupsViewController.m */,
			);
			path = Feed;
			sourceTree = "<group>";
		};
		4648296526A73B8900482CB1 /* Profile */ = {
			isa = PBXGroup;
			children = (
				464D1DCC269C8F2900C32AE2 /* ProfileViewController.h */,
				464D1DCD269C8F2900C32AE2 /* ProfileViewController.m */,
				46A36B5126A0ECE4003C3429 /* EditProfileViewController.h */,
				46A36B5226A0ECE4003C3429 /* EditProfileViewController.m */,
				463278AA26A1C33E007BCA59 /* ListFriendsViewController.h */,
				463278AB26A1C33E007BCA59 /* ListFriendsViewController.m */,
				46B59A3626A66CE900D384D4 /* ListPinsViewController.h */,
				46B59A3726A66CE900D384D4 /* ListPinsViewController.m */,
			);
			path = Profile;
			sourceTree = "<group>";
		};
		464D1D84269C7EB400C32AE2 = {
			isa = PBXGroup;
			children = (
				464D1D8F269C7EB500C32AE2 /* favorites */,
				464D1DAB269C7EC300C32AE2 /* favoritesTests */,
				464D1DB6269C7EC300C32AE2 /* favoritesUITests */,
				464D1D8E269C7EB500C32AE2 /* Products */,
				DAD0E4DF48AB1C00C6E228CA /* Pods */,
				346E1B17556B58DC61290424 /* Frameworks */,
			);
			sourceTree = "<group>";
		};
		464D1D8E269C7EB500C32AE2 /* Products */ = {
			isa = PBXGroup;
			children = (
				464D1D8D269C7EB500C32AE2 /* favorites.app */,
				464D1DA8269C7EC300C32AE2 /* favoritesTests.xctest */,
				464D1DB3269C7EC300C32AE2 /* favoritesUITests.xctest */,
			);
			name = Products;
			sourceTree = "<group>";
		};
		464D1D8F269C7EB500C32AE2 /* favorites */ = {
			isa = PBXGroup;
			children = (
				4648296F26A7B05400482CB1 /* favorites.entitlements */,
				46B59A2F26A5E47A00D384D4 /* API */,
				464D1E22269E50EA00C32AE2 /* Models */,
				464D1E18269D326800C32AE2 /* Views */,
				464D1DC5269C8EAF00C32AE2 /* View Controllers */,
				464D1D90269C7EB500C32AE2 /* AppDelegate.h */,
				464D1D91269C7EB500C32AE2 /* AppDelegate.m */,
				464D1D93269C7EB500C32AE2 /* SceneDelegate.h */,
				464D1D94269C7EB500C32AE2 /* SceneDelegate.m */,
				464D1D99269C7EB500C32AE2 /* Main.storyboard */,
				464D1D9C269C7EC000C32AE2 /* Assets.xcassets */,
				464D1D9E269C7EC000C32AE2 /* LaunchScreen.storyboard */,
				464D1DA1269C7EC000C32AE2 /* Info.plist */,
				464D1DA2269C7EC000C32AE2 /* main.m */,
			);
			path = favorites;
			sourceTree = "<group>";
		};
		464D1DAB269C7EC300C32AE2 /* favoritesTests */ = {
			isa = PBXGroup;
			children = (
				464D1DAC269C7EC300C32AE2 /* favoritesTests.m */,
				464D1DAE269C7EC300C32AE2 /* Info.plist */,
			);
			path = favoritesTests;
			sourceTree = "<group>";
		};
		464D1DB6269C7EC300C32AE2 /* favoritesUITests */ = {
			isa = PBXGroup;
			children = (
				464D1DB7269C7EC300C32AE2 /* favoritesUITests.m */,
				464D1DB9269C7EC300C32AE2 /* Info.plist */,
			);
			path = favoritesUITests;
			sourceTree = "<group>";
		};
		464D1DC5269C8EAF00C32AE2 /* View Controllers */ = {
			isa = PBXGroup;
			children = (
				4648296526A73B8900482CB1 /* Profile */,
				4648296326A73B4100482CB1 /* Feed */,
				464D1E29269E5F2300C32AE2 /* Map */,
				464D1DCF269C8FDF00C32AE2 /* LoginViewController.h */,
				464D1DD0269C8FDF00C32AE2 /* LoginViewController.m */,
				4648296626A73DBA00482CB1 /* CommentsViewController.h */,
				4648296726A73DBA00482CB1 /* CommentsViewController.m */,
			);
			path = "View Controllers";
			sourceTree = "<group>";
		};
		464D1E18269D326800C32AE2 /* Views */ = {
			isa = PBXGroup;
			children = (
				464D1E19269D328300C32AE2 /* LocationCell.h */,
				464D1E1A269D328300C32AE2 /* LocationCell.m */,
				464D1E1F269E350D00C32AE2 /* PinAnnotation.h */,
				464D1E20269E350D00C32AE2 /* PinAnnotation.m */,
				4648297326A8566A00482CB1 /* UpdateAnnotation.h */,
				4648297426A8566A00482CB1 /* UpdateAnnotation.m */,
				460DABEE269F30E7000220D0 /* UpdateCell.h */,
				460DABEF269F30E7000220D0 /* UpdateCell.m */,
				46A36B33269F7568003C3429 /* MyPinCell.h */,
				46A36B34269F7568003C3429 /* MyPinCell.m */,
				46A36B3C269F9AE4003C3429 /* AddFriendCell.h */,
				46A36B3D269F9AE4003C3429 /* AddFriendCell.m */,
				46A36B4526A0844A003C3429 /* FriendRequestCell.h */,
				46A36B4626A0844A003C3429 /* FriendRequestCell.m */,
				46A36B4B26A0D01A003C3429 /* ProfileHeaderCell.h */,
				46A36B4C26A0D01A003C3429 /* ProfileHeaderCell.m */,
				46A36B4E26A0D32E003C3429 /* ProfileUpdateCell.h */,
				46A36B4F26A0D32E003C3429 /* ProfileUpdateCell.m */,
				463278AD26A1C3BE007BCA59 /* ListFriendCell.h */,
				463278AE26A1C3BE007BCA59 /* ListFriendCell.m */,
				46B59A3926A66D1800D384D4 /* ListPinCell.h */,
				46B59A3A26A66D1800D384D4 /* ListPinCell.m */,
				4648296926A743D200482CB1 /* CommentCell.h */,
				4648296A26A743D200482CB1 /* CommentCell.m */,
				4648297F26AA117500482CB1 /* LikeCell.h */,
				4648298026AA117500482CB1 /* LikeCell.m */,
				4648298226AA2AD600482CB1 /* CommentNotificationCell.h */,
				4648298326AA2AD600482CB1 /* CommentNotificationCell.m */,
				464829CC26B0528F00482CB1 /* GroupCell.h */,
				464829CD26B0528F00482CB1 /* GroupCell.m */,
			);
			path = Views;
			sourceTree = "<group>";
		};
		464D1E22269E50EA00C32AE2 /* Models */ = {
			isa = PBXGroup;
			children = (
				464D1E23269E511C00C32AE2 /* Pin.h */,
				464D1E24269E511C00C32AE2 /* Pin.m */,
				460DABF4269F3AEA000220D0 /* Update.h */,
				460DABF5269F3AEA000220D0 /* Update.m */,
				46A36B3F269FD0FD003C3429 /* FriendRequest.h */,
				46A36B40269FD0FD003C3429 /* FriendRequest.m */,
				46A36B4826A08C55003C3429 /* Friend.h */,
				46A36B4926A08C55003C3429 /* Friend.m */,
				4648296026A706C400482CB1 /* Like.h */,
				4648296126A706C400482CB1 /* Like.m */,
				4648296C26A7458900482CB1 /* Comment.h */,
				4648296D26A7458900482CB1 /* Comment.m */,
				464829C926B04EF000482CB1 /* Group.h */,
				464829CA26B04EF000482CB1 /* Group.m */,
			);
			path = Models;
			sourceTree = "<group>";
		};
		464D1E29269E5F2300C32AE2 /* Map */ = {
			isa = PBXGroup;
			children = (
				464D1DC6269C8EC300C32AE2 /* MapViewController.h */,
				464D1DC7269C8EC300C32AE2 /* MapViewController.m */,
				464D1E15269D323300C32AE2 /* SearchLocationsViewController.h */,
				464D1E16269D323300C32AE2 /* SearchLocationsViewController.m */,
				464D1E1C269DBB0D00C32AE2 /* AddPinViewController.h */,
				464D1E1D269DBB0D00C32AE2 /* AddPinViewController.m */,
				464D1E26269E5F1900C32AE2 /* PinDetailsViewController.h */,
				464D1E27269E5F1900C32AE2 /* PinDetailsViewController.m */,
				46B59A3326A642F600D384D4 /* WebsiteViewController.h */,
				46B59A3426A642F600D384D4 /* WebsiteViewController.m */,
				4648297626A87A9700482CB1 /* UpdateDetailsViewController.h */,
				4648297726A87A9700482CB1 /* UpdateDetailsViewController.m */,
			);
			path = Map;
			sourceTree = "<group>";
		};
		46B59A2F26A5E47A00D384D4 /* API */ = {
			isa = PBXGroup;
			children = (
				46B59A3026A5E4C000D384D4 /* APIManager.h */,
				46B59A3126A5E4C000D384D4 /* APIManager.m */,
			);
			path = API;
			sourceTree = "<group>";
		};
		DAD0E4DF48AB1C00C6E228CA /* Pods */ = {
			isa = PBXGroup;
			children = (
				BB00CEE9B600773DF33A2CAE /* Pods-favorites.debug.xcconfig */,
				10D093E72DD4F3B51C40D178 /* Pods-favorites.release.xcconfig */,
				A347F2FD08F02FC1F06C3623 /* Pods-favorites-favoritesUITests.debug.xcconfig */,
				0210087384DCC8DAD2D8B50F /* Pods-favorites-favoritesUITests.release.xcconfig */,
				62C4F1D93C24C2071D8AAC05 /* Pods-favoritesTests.debug.xcconfig */,
				31FC1AED190C44A23AEBBBA3 /* Pods-favoritesTests.release.xcconfig */,
			);
			path = Pods;
			sourceTree = "<group>";
		};
/* End PBXGroup section */

/* Begin PBXNativeTarget section */
		464D1D8C269C7EB500C32AE2 /* favorites */ = {
			isa = PBXNativeTarget;
			buildConfigurationList = 464D1DBC269C7EC300C32AE2 /* Build configuration list for PBXNativeTarget "favorites" */;
			buildPhases = (
				C6520564E757E9FB571CBDF2 /* [CP] Check Pods Manifest.lock */,
				464D1D89269C7EB500C32AE2 /* Sources */,
				464D1D8A269C7EB500C32AE2 /* Frameworks */,
				464D1D8B269C7EB500C32AE2 /* Resources */,
				3AF319CDB87B5CFDBFD344A5 /* [CP] Embed Pods Frameworks */,
			);
			buildRules = (
			);
			dependencies = (
			);
			name = favorites;
			productName = favorites;
			productReference = 464D1D8D269C7EB500C32AE2 /* favorites.app */;
			productType = "com.apple.product-type.application";
		};
		464D1DA7269C7EC300C32AE2 /* favoritesTests */ = {
			isa = PBXNativeTarget;
			buildConfigurationList = 464D1DBF269C7EC300C32AE2 /* Build configuration list for PBXNativeTarget "favoritesTests" */;
			buildPhases = (
				8949D4B3B20976B0D940931A /* [CP] Check Pods Manifest.lock */,
				464D1DA4269C7EC300C32AE2 /* Sources */,
				464D1DA5269C7EC300C32AE2 /* Frameworks */,
				464D1DA6269C7EC300C32AE2 /* Resources */,
			);
			buildRules = (
			);
			dependencies = (
				464D1DAA269C7EC300C32AE2 /* PBXTargetDependency */,
			);
			name = favoritesTests;
			productName = favoritesTests;
			productReference = 464D1DA8269C7EC300C32AE2 /* favoritesTests.xctest */;
			productType = "com.apple.product-type.bundle.unit-test";
		};
		464D1DB2269C7EC300C32AE2 /* favoritesUITests */ = {
			isa = PBXNativeTarget;
			buildConfigurationList = 464D1DC2269C7EC300C32AE2 /* Build configuration list for PBXNativeTarget "favoritesUITests" */;
			buildPhases = (
				8EEB9357B16A36268FED4D23 /* [CP] Check Pods Manifest.lock */,
				464D1DAF269C7EC300C32AE2 /* Sources */,
				464D1DB0269C7EC300C32AE2 /* Frameworks */,
				464D1DB1269C7EC300C32AE2 /* Resources */,
				16E6C9C3F919E69D03604922 /* [CP] Embed Pods Frameworks */,
			);
			buildRules = (
			);
			dependencies = (
				464D1DB5269C7EC300C32AE2 /* PBXTargetDependency */,
			);
			name = favoritesUITests;
			productName = favoritesUITests;
			productReference = 464D1DB3269C7EC300C32AE2 /* favoritesUITests.xctest */;
			productType = "com.apple.product-type.bundle.ui-testing";
		};
/* End PBXNativeTarget section */

/* Begin PBXProject section */
		464D1D85269C7EB400C32AE2 /* Project object */ = {
			isa = PBXProject;
			attributes = {
				LastUpgradeCheck = 1250;
				TargetAttributes = {
					464D1D8C269C7EB500C32AE2 = {
						CreatedOnToolsVersion = 12.5.1;
					};
					464D1DA7269C7EC300C32AE2 = {
						CreatedOnToolsVersion = 12.5.1;
						TestTargetID = 464D1D8C269C7EB500C32AE2;
					};
					464D1DB2269C7EC300C32AE2 = {
						CreatedOnToolsVersion = 12.5.1;
						TestTargetID = 464D1D8C269C7EB500C32AE2;
					};
				};
			};
			buildConfigurationList = 464D1D88269C7EB400C32AE2 /* Build configuration list for PBXProject "favorites" */;
			compatibilityVersion = "Xcode 9.3";
			developmentRegion = en;
			hasScannedForEncodings = 0;
			knownRegions = (
				en,
				Base,
			);
			mainGroup = 464D1D84269C7EB400C32AE2;
			productRefGroup = 464D1D8E269C7EB500C32AE2 /* Products */;
			projectDirPath = "";
			projectRoot = "";
			targets = (
				464D1D8C269C7EB500C32AE2 /* favorites */,
				464D1DA7269C7EC300C32AE2 /* favoritesTests */,
				464D1DB2269C7EC300C32AE2 /* favoritesUITests */,
			);
		};
/* End PBXProject section */

/* Begin PBXResourcesBuildPhase section */
		464D1D8B269C7EB500C32AE2 /* Resources */ = {
			isa = PBXResourcesBuildPhase;
			buildActionMask = 2147483647;
			files = (
				464D1DA0269C7EC000C32AE2 /* LaunchScreen.storyboard in Resources */,
				464D1D9D269C7EC000C32AE2 /* Assets.xcassets in Resources */,
				464D1D9B269C7EB500C32AE2 /* Main.storyboard in Resources */,
			);
			runOnlyForDeploymentPostprocessing = 0;
		};
		464D1DA6269C7EC300C32AE2 /* Resources */ = {
			isa = PBXResourcesBuildPhase;
			buildActionMask = 2147483647;
			files = (
			);
			runOnlyForDeploymentPostprocessing = 0;
		};
		464D1DB1269C7EC300C32AE2 /* Resources */ = {
			isa = PBXResourcesBuildPhase;
			buildActionMask = 2147483647;
			files = (
			);
			runOnlyForDeploymentPostprocessing = 0;
		};
/* End PBXResourcesBuildPhase section */

/* Begin PBXShellScriptBuildPhase section */
		16E6C9C3F919E69D03604922 /* [CP] Embed Pods Frameworks */ = {
			isa = PBXShellScriptBuildPhase;
			buildActionMask = 2147483647;
			files = (
			);
			inputFileListPaths = (
				"${PODS_ROOT}/Target Support Files/Pods-favorites-favoritesUITests/Pods-favorites-favoritesUITests-frameworks-${CONFIGURATION}-input-files.xcfilelist",
			);
			name = "[CP] Embed Pods Frameworks";
			outputFileListPaths = (
				"${PODS_ROOT}/Target Support Files/Pods-favorites-favoritesUITests/Pods-favorites-favoritesUITests-frameworks-${CONFIGURATION}-output-files.xcfilelist",
			);
			runOnlyForDeploymentPostprocessing = 0;
			shellPath = /bin/sh;
			shellScript = "\"${PODS_ROOT}/Target Support Files/Pods-favorites-favoritesUITests/Pods-favorites-favoritesUITests-frameworks.sh\"\n";
			showEnvVarsInLog = 0;
		};
		3AF319CDB87B5CFDBFD344A5 /* [CP] Embed Pods Frameworks */ = {
			isa = PBXShellScriptBuildPhase;
			buildActionMask = 2147483647;
			files = (
			);
			inputFileListPaths = (
				"${PODS_ROOT}/Target Support Files/Pods-favorites/Pods-favorites-frameworks-${CONFIGURATION}-input-files.xcfilelist",
			);
			name = "[CP] Embed Pods Frameworks";
			outputFileListPaths = (
				"${PODS_ROOT}/Target Support Files/Pods-favorites/Pods-favorites-frameworks-${CONFIGURATION}-output-files.xcfilelist",
			);
			runOnlyForDeploymentPostprocessing = 0;
			shellPath = /bin/sh;
			shellScript = "\"${PODS_ROOT}/Target Support Files/Pods-favorites/Pods-favorites-frameworks.sh\"\n";
			showEnvVarsInLog = 0;
		};
		8949D4B3B20976B0D940931A /* [CP] Check Pods Manifest.lock */ = {
			isa = PBXShellScriptBuildPhase;
			buildActionMask = 2147483647;
			files = (
			);
			inputFileListPaths = (
			);
			inputPaths = (
				"${PODS_PODFILE_DIR_PATH}/Podfile.lock",
				"${PODS_ROOT}/Manifest.lock",
			);
			name = "[CP] Check Pods Manifest.lock";
			outputFileListPaths = (
			);
			outputPaths = (
				"$(DERIVED_FILE_DIR)/Pods-favoritesTests-checkManifestLockResult.txt",
			);
			runOnlyForDeploymentPostprocessing = 0;
			shellPath = /bin/sh;
			shellScript = "diff \"${PODS_PODFILE_DIR_PATH}/Podfile.lock\" \"${PODS_ROOT}/Manifest.lock\" > /dev/null\nif [ $? != 0 ] ; then\n    # print error to STDERR\n    echo \"error: The sandbox is not in sync with the Podfile.lock. Run 'pod install' or update your CocoaPods installation.\" >&2\n    exit 1\nfi\n# This output is used by Xcode 'outputs' to avoid re-running this script phase.\necho \"SUCCESS\" > \"${SCRIPT_OUTPUT_FILE_0}\"\n";
			showEnvVarsInLog = 0;
		};
		8EEB9357B16A36268FED4D23 /* [CP] Check Pods Manifest.lock */ = {
			isa = PBXShellScriptBuildPhase;
			buildActionMask = 2147483647;
			files = (
			);
			inputFileListPaths = (
			);
			inputPaths = (
				"${PODS_PODFILE_DIR_PATH}/Podfile.lock",
				"${PODS_ROOT}/Manifest.lock",
			);
			name = "[CP] Check Pods Manifest.lock";
			outputFileListPaths = (
			);
			outputPaths = (
				"$(DERIVED_FILE_DIR)/Pods-favorites-favoritesUITests-checkManifestLockResult.txt",
			);
			runOnlyForDeploymentPostprocessing = 0;
			shellPath = /bin/sh;
			shellScript = "diff \"${PODS_PODFILE_DIR_PATH}/Podfile.lock\" \"${PODS_ROOT}/Manifest.lock\" > /dev/null\nif [ $? != 0 ] ; then\n    # print error to STDERR\n    echo \"error: The sandbox is not in sync with the Podfile.lock. Run 'pod install' or update your CocoaPods installation.\" >&2\n    exit 1\nfi\n# This output is used by Xcode 'outputs' to avoid re-running this script phase.\necho \"SUCCESS\" > \"${SCRIPT_OUTPUT_FILE_0}\"\n";
			showEnvVarsInLog = 0;
		};
		C6520564E757E9FB571CBDF2 /* [CP] Check Pods Manifest.lock */ = {
			isa = PBXShellScriptBuildPhase;
			buildActionMask = 2147483647;
			files = (
			);
			inputFileListPaths = (
			);
			inputPaths = (
				"${PODS_PODFILE_DIR_PATH}/Podfile.lock",
				"${PODS_ROOT}/Manifest.lock",
			);
			name = "[CP] Check Pods Manifest.lock";
			outputFileListPaths = (
			);
			outputPaths = (
				"$(DERIVED_FILE_DIR)/Pods-favorites-checkManifestLockResult.txt",
			);
			runOnlyForDeploymentPostprocessing = 0;
			shellPath = /bin/sh;
			shellScript = "diff \"${PODS_PODFILE_DIR_PATH}/Podfile.lock\" \"${PODS_ROOT}/Manifest.lock\" > /dev/null\nif [ $? != 0 ] ; then\n    # print error to STDERR\n    echo \"error: The sandbox is not in sync with the Podfile.lock. Run 'pod install' or update your CocoaPods installation.\" >&2\n    exit 1\nfi\n# This output is used by Xcode 'outputs' to avoid re-running this script phase.\necho \"SUCCESS\" > \"${SCRIPT_OUTPUT_FILE_0}\"\n";
			showEnvVarsInLog = 0;
		};
/* End PBXShellScriptBuildPhase section */

/* Begin PBXSourcesBuildPhase section */
		464D1D89269C7EB500C32AE2 /* Sources */ = {
			isa = PBXSourcesBuildPhase;
			buildActionMask = 2147483647;
			files = (
				46B59A3826A66CEA00D384D4 /* ListPinsViewController.m in Sources */,
				464D1E1B269D328300C32AE2 /* LocationCell.m in Sources */,
				46A36B5026A0D32E003C3429 /* ProfileUpdateCell.m in Sources */,
				464D1E28269E5F1900C32AE2 /* PinDetailsViewController.m in Sources */,
				464D1D92269C7EB500C32AE2 /* AppDelegate.m in Sources */,
				46B59A3526A642F600D384D4 /* WebsiteViewController.m in Sources */,
				46A36B41269FD0FD003C3429 /* FriendRequest.m in Sources */,
				46A36B38269F8CD6003C3429 /* ShowLocationOnMapViewController.m in Sources */,
				464D1DCB269C8F2100C32AE2 /* FeedViewController.m in Sources */,
				46A36B4A26A08C55003C3429 /* Friend.m in Sources */,
				46A36B31269F7475003C3429 /* MyPinsViewController.m in Sources */,
				46A36B35269F7568003C3429 /* MyPinCell.m in Sources */,
				464D1E25269E511C00C32AE2 /* Pin.m in Sources */,
				46A36B3B269F9A85003C3429 /* AddFriendsViewController.m in Sources */,
				4648298126AA117500482CB1 /* LikeCell.m in Sources */,
				464D1DA3269C7EC000C32AE2 /* main.m in Sources */,
				4648296226A706C400482CB1 /* Like.m in Sources */,
				463278AC26A1C33E007BCA59 /* ListFriendsViewController.m in Sources */,
				460DABF6269F3AEA000220D0 /* Update.m in Sources */,
				460DABF0269F30E7000220D0 /* UpdateCell.m in Sources */,
				4648298426AA2AD600482CB1 /* CommentNotificationCell.m in Sources */,
				46A36B3E269F9AE4003C3429 /* AddFriendCell.m in Sources */,
				463278AF26A1C3BE007BCA59 /* ListFriendCell.m in Sources */,
				46A36B5326A0ECE4003C3429 /* EditProfileViewController.m in Sources */,
				464829C826B04D5700482CB1 /* GroupsViewController.m in Sources */,
				464D1E17269D323300C32AE2 /* SearchLocationsViewController.m in Sources */,
				46A36B4426A0839E003C3429 /* NotificationsViewController.m in Sources */,
				464829CB26B04EF000482CB1 /* Group.m in Sources */,
				4648297826A87A9700482CB1 /* UpdateDetailsViewController.m in Sources */,
				4648297E26AA10DE00482CB1 /* LikesViewController.m in Sources */,
				46B59A3226A5E4C000D384D4 /* APIManager.m in Sources */,
				464D1D95269C7EB500C32AE2 /* SceneDelegate.m in Sources */,
				464D1DD1269C8FDF00C32AE2 /* LoginViewController.m in Sources */,
				464D1DCE269C8F2900C32AE2 /* ProfileViewController.m in Sources */,
				464D1E21269E350D00C32AE2 /* PinAnnotation.m in Sources */,
				464D1E1E269DBB0D00C32AE2 /* AddPinViewController.m in Sources */,
				464D1DC8269C8EC300C32AE2 /* MapViewController.m in Sources */,
				460DABF3269F3631000220D0 /* ComposeUpdateViewController.m in Sources */,
				4648296B26A743D200482CB1 /* CommentCell.m in Sources */,
				4648296826A73DBA00482CB1 /* CommentsViewController.m in Sources */,
				4648297526A8566A00482CB1 /* UpdateAnnotation.m in Sources */,
				46A36B4D26A0D01A003C3429 /* ProfileHeaderCell.m in Sources */,
				46A36B4726A0844A003C3429 /* FriendRequestCell.m in Sources */,
				46B59A3B26A66D1800D384D4 /* ListPinCell.m in Sources */,
				4648296E26A7458900482CB1 /* Comment.m in Sources */,
				464829CE26B0528F00482CB1 /* GroupCell.m in Sources */,
			);
			runOnlyForDeploymentPostprocessing = 0;
		};
		464D1DA4269C7EC300C32AE2 /* Sources */ = {
			isa = PBXSourcesBuildPhase;
			buildActionMask = 2147483647;
			files = (
				464D1DAD269C7EC300C32AE2 /* favoritesTests.m in Sources */,
			);
			runOnlyForDeploymentPostprocessing = 0;
		};
		464D1DAF269C7EC300C32AE2 /* Sources */ = {
			isa = PBXSourcesBuildPhase;
			buildActionMask = 2147483647;
			files = (
				464D1DB8269C7EC300C32AE2 /* favoritesUITests.m in Sources */,
			);
			runOnlyForDeploymentPostprocessing = 0;
		};
/* End PBXSourcesBuildPhase section */

/* Begin PBXTargetDependency section */
		464D1DAA269C7EC300C32AE2 /* PBXTargetDependency */ = {
			isa = PBXTargetDependency;
			target = 464D1D8C269C7EB500C32AE2 /* favorites */;
			targetProxy = 464D1DA9269C7EC300C32AE2 /* PBXContainerItemProxy */;
		};
		464D1DB5269C7EC300C32AE2 /* PBXTargetDependency */ = {
			isa = PBXTargetDependency;
			target = 464D1D8C269C7EB500C32AE2 /* favorites */;
			targetProxy = 464D1DB4269C7EC300C32AE2 /* PBXContainerItemProxy */;
		};
/* End PBXTargetDependency section */

/* Begin PBXVariantGroup section */
		464D1D99269C7EB500C32AE2 /* Main.storyboard */ = {
			isa = PBXVariantGroup;
			children = (
				464D1D9A269C7EB500C32AE2 /* Base */,
			);
			name = Main.storyboard;
			sourceTree = "<group>";
		};
		464D1D9E269C7EC000C32AE2 /* LaunchScreen.storyboard */ = {
			isa = PBXVariantGroup;
			children = (
				464D1D9F269C7EC000C32AE2 /* Base */,
			);
			name = LaunchScreen.storyboard;
			sourceTree = "<group>";
		};
/* End PBXVariantGroup section */

/* Begin XCBuildConfiguration section */
		464D1DBA269C7EC300C32AE2 /* Debug */ = {
			isa = XCBuildConfiguration;
			buildSettings = {
				ALWAYS_SEARCH_USER_PATHS = NO;
				CLANG_ANALYZER_NONNULL = YES;
				CLANG_ANALYZER_NUMBER_OBJECT_CONVERSION = YES_AGGRESSIVE;
				CLANG_CXX_LANGUAGE_STANDARD = "gnu++14";
				CLANG_CXX_LIBRARY = "libc++";
				CLANG_ENABLE_MODULES = YES;
				CLANG_ENABLE_OBJC_ARC = YES;
				CLANG_ENABLE_OBJC_WEAK = YES;
				CLANG_WARN_BLOCK_CAPTURE_AUTORELEASING = YES;
				CLANG_WARN_BOOL_CONVERSION = YES;
				CLANG_WARN_COMMA = YES;
				CLANG_WARN_CONSTANT_CONVERSION = YES;
				CLANG_WARN_DEPRECATED_OBJC_IMPLEMENTATIONS = YES;
				CLANG_WARN_DIRECT_OBJC_ISA_USAGE = YES_ERROR;
				CLANG_WARN_DOCUMENTATION_COMMENTS = YES;
				CLANG_WARN_EMPTY_BODY = YES;
				CLANG_WARN_ENUM_CONVERSION = YES;
				CLANG_WARN_INFINITE_RECURSION = YES;
				CLANG_WARN_INT_CONVERSION = YES;
				CLANG_WARN_NON_LITERAL_NULL_CONVERSION = YES;
				CLANG_WARN_OBJC_IMPLICIT_RETAIN_SELF = YES;
				CLANG_WARN_OBJC_LITERAL_CONVERSION = YES;
				CLANG_WARN_OBJC_ROOT_CLASS = YES_ERROR;
				CLANG_WARN_QUOTED_INCLUDE_IN_FRAMEWORK_HEADER = YES;
				CLANG_WARN_RANGE_LOOP_ANALYSIS = YES;
				CLANG_WARN_STRICT_PROTOTYPES = YES;
				CLANG_WARN_SUSPICIOUS_MOVE = YES;
				CLANG_WARN_UNGUARDED_AVAILABILITY = YES_AGGRESSIVE;
				CLANG_WARN_UNREACHABLE_CODE = YES;
				CLANG_WARN__DUPLICATE_METHOD_MATCH = YES;
				COPY_PHASE_STRIP = NO;
				DEBUG_INFORMATION_FORMAT = dwarf;
				ENABLE_STRICT_OBJC_MSGSEND = YES;
				ENABLE_TESTABILITY = YES;
				GCC_C_LANGUAGE_STANDARD = gnu11;
				GCC_DYNAMIC_NO_PIC = NO;
				GCC_NO_COMMON_BLOCKS = YES;
				GCC_OPTIMIZATION_LEVEL = 0;
				GCC_PREPROCESSOR_DEFINITIONS = (
					"DEBUG=1",
					"$(inherited)",
				);
				GCC_WARN_64_TO_32_BIT_CONVERSION = YES;
				GCC_WARN_ABOUT_RETURN_TYPE = YES_ERROR;
				GCC_WARN_UNDECLARED_SELECTOR = YES;
				GCC_WARN_UNINITIALIZED_AUTOS = YES_AGGRESSIVE;
				GCC_WARN_UNUSED_FUNCTION = YES;
				GCC_WARN_UNUSED_VARIABLE = YES;
				IPHONEOS_DEPLOYMENT_TARGET = 14.5;
				MTL_ENABLE_DEBUG_INFO = INCLUDE_SOURCE;
				MTL_FAST_MATH = YES;
				ONLY_ACTIVE_ARCH = YES;
				SDKROOT = iphoneos;
			};
			name = Debug;
		};
		464D1DBB269C7EC300C32AE2 /* Release */ = {
			isa = XCBuildConfiguration;
			buildSettings = {
				ALWAYS_SEARCH_USER_PATHS = NO;
				CLANG_ANALYZER_NONNULL = YES;
				CLANG_ANALYZER_NUMBER_OBJECT_CONVERSION = YES_AGGRESSIVE;
				CLANG_CXX_LANGUAGE_STANDARD = "gnu++14";
				CLANG_CXX_LIBRARY = "libc++";
				CLANG_ENABLE_MODULES = YES;
				CLANG_ENABLE_OBJC_ARC = YES;
				CLANG_ENABLE_OBJC_WEAK = YES;
				CLANG_WARN_BLOCK_CAPTURE_AUTORELEASING = YES;
				CLANG_WARN_BOOL_CONVERSION = YES;
				CLANG_WARN_COMMA = YES;
				CLANG_WARN_CONSTANT_CONVERSION = YES;
				CLANG_WARN_DEPRECATED_OBJC_IMPLEMENTATIONS = YES;
				CLANG_WARN_DIRECT_OBJC_ISA_USAGE = YES_ERROR;
				CLANG_WARN_DOCUMENTATION_COMMENTS = YES;
				CLANG_WARN_EMPTY_BODY = YES;
				CLANG_WARN_ENUM_CONVERSION = YES;
				CLANG_WARN_INFINITE_RECURSION = YES;
				CLANG_WARN_INT_CONVERSION = YES;
				CLANG_WARN_NON_LITERAL_NULL_CONVERSION = YES;
				CLANG_WARN_OBJC_IMPLICIT_RETAIN_SELF = YES;
				CLANG_WARN_OBJC_LITERAL_CONVERSION = YES;
				CLANG_WARN_OBJC_ROOT_CLASS = YES_ERROR;
				CLANG_WARN_QUOTED_INCLUDE_IN_FRAMEWORK_HEADER = YES;
				CLANG_WARN_RANGE_LOOP_ANALYSIS = YES;
				CLANG_WARN_STRICT_PROTOTYPES = YES;
				CLANG_WARN_SUSPICIOUS_MOVE = YES;
				CLANG_WARN_UNGUARDED_AVAILABILITY = YES_AGGRESSIVE;
				CLANG_WARN_UNREACHABLE_CODE = YES;
				CLANG_WARN__DUPLICATE_METHOD_MATCH = YES;
				COPY_PHASE_STRIP = NO;
				DEBUG_INFORMATION_FORMAT = "dwarf-with-dsym";
				ENABLE_NS_ASSERTIONS = NO;
				ENABLE_STRICT_OBJC_MSGSEND = YES;
				GCC_C_LANGUAGE_STANDARD = gnu11;
				GCC_NO_COMMON_BLOCKS = YES;
				GCC_WARN_64_TO_32_BIT_CONVERSION = YES;
				GCC_WARN_ABOUT_RETURN_TYPE = YES_ERROR;
				GCC_WARN_UNDECLARED_SELECTOR = YES;
				GCC_WARN_UNINITIALIZED_AUTOS = YES_AGGRESSIVE;
				GCC_WARN_UNUSED_FUNCTION = YES;
				GCC_WARN_UNUSED_VARIABLE = YES;
				IPHONEOS_DEPLOYMENT_TARGET = 14.5;
				MTL_ENABLE_DEBUG_INFO = NO;
				MTL_FAST_MATH = YES;
				SDKROOT = iphoneos;
				VALIDATE_PRODUCT = YES;
			};
			name = Release;
		};
		464D1DBD269C7EC300C32AE2 /* Debug */ = {
			isa = XCBuildConfiguration;
			baseConfigurationReference = BB00CEE9B600773DF33A2CAE /* Pods-favorites.debug.xcconfig */;
			buildSettings = {
				ASSETCATALOG_COMPILER_APPICON_NAME = AppIcon;
				ASSETCATALOG_COMPILER_GLOBAL_ACCENT_COLOR_NAME = AccentColor;
				CODE_SIGN_ENTITLEMENTS = favorites/favorites.entitlements;
				CODE_SIGN_STYLE = Automatic;
				DEVELOPMENT_TEAM = DTY9TBD24Y;
				INFOPLIST_FILE = favorites/Info.plist;
				LD_RUNPATH_SEARCH_PATHS = (
					"$(inherited)",
					"@executable_path/Frameworks",
				);
				PRODUCT_BUNDLE_IDENTIFIER = com.ava.crnkovic.favorites;
				PRODUCT_NAME = "$(TARGET_NAME)";
				TARGETED_DEVICE_FAMILY = "1,2";
			};
			name = Debug;
		};
		464D1DBE269C7EC300C32AE2 /* Release */ = {
			isa = XCBuildConfiguration;
			baseConfigurationReference = 10D093E72DD4F3B51C40D178 /* Pods-favorites.release.xcconfig */;
			buildSettings = {
				ASSETCATALOG_COMPILER_APPICON_NAME = AppIcon;
				ASSETCATALOG_COMPILER_GLOBAL_ACCENT_COLOR_NAME = AccentColor;
				CODE_SIGN_ENTITLEMENTS = favorites/favorites.entitlements;
				CODE_SIGN_STYLE = Automatic;
				DEVELOPMENT_TEAM = DTY9TBD24Y;
				INFOPLIST_FILE = favorites/Info.plist;
				LD_RUNPATH_SEARCH_PATHS = (
					"$(inherited)",
					"@executable_path/Frameworks",
				);
				PRODUCT_BUNDLE_IDENTIFIER = com.ava.crnkovic.favorites;
				PRODUCT_NAME = "$(TARGET_NAME)";
				TARGETED_DEVICE_FAMILY = "1,2";
			};
			name = Release;
		};
		464D1DC0269C7EC300C32AE2 /* Debug */ = {
			isa = XCBuildConfiguration;
			baseConfigurationReference = 62C4F1D93C24C2071D8AAC05 /* Pods-favoritesTests.debug.xcconfig */;
			buildSettings = {
				BUNDLE_LOADER = "$(TEST_HOST)";
				CODE_SIGN_STYLE = Automatic;
				DEVELOPMENT_TEAM = DTY9TBD24Y;
				INFOPLIST_FILE = favoritesTests/Info.plist;
				IPHONEOS_DEPLOYMENT_TARGET = 14.5;
				LD_RUNPATH_SEARCH_PATHS = (
					"$(inherited)",
					"@executable_path/Frameworks",
					"@loader_path/Frameworks",
				);
				PRODUCT_BUNDLE_IDENTIFIER = com.ava.crnkovic.favoritesTests;
				PRODUCT_NAME = "$(TARGET_NAME)";
				TARGETED_DEVICE_FAMILY = "1,2";
				TEST_HOST = "$(BUILT_PRODUCTS_DIR)/favorites.app/favorites";
			};
			name = Debug;
		};
		464D1DC1269C7EC300C32AE2 /* Release */ = {
			isa = XCBuildConfiguration;
			baseConfigurationReference = 31FC1AED190C44A23AEBBBA3 /* Pods-favoritesTests.release.xcconfig */;
			buildSettings = {
				BUNDLE_LOADER = "$(TEST_HOST)";
				CODE_SIGN_STYLE = Automatic;
				DEVELOPMENT_TEAM = DTY9TBD24Y;
				INFOPLIST_FILE = favoritesTests/Info.plist;
				IPHONEOS_DEPLOYMENT_TARGET = 14.5;
				LD_RUNPATH_SEARCH_PATHS = (
					"$(inherited)",
					"@executable_path/Frameworks",
					"@loader_path/Frameworks",
				);
				PRODUCT_BUNDLE_IDENTIFIER = com.ava.crnkovic.favoritesTests;
				PRODUCT_NAME = "$(TARGET_NAME)";
				TARGETED_DEVICE_FAMILY = "1,2";
				TEST_HOST = "$(BUILT_PRODUCTS_DIR)/favorites.app/favorites";
			};
			name = Release;
		};
		464D1DC3269C7EC300C32AE2 /* Debug */ = {
			isa = XCBuildConfiguration;
			baseConfigurationReference = A347F2FD08F02FC1F06C3623 /* Pods-favorites-favoritesUITests.debug.xcconfig */;
			buildSettings = {
				CODE_SIGN_STYLE = Automatic;
				DEVELOPMENT_TEAM = DTY9TBD24Y;
				INFOPLIST_FILE = favoritesUITests/Info.plist;
				LD_RUNPATH_SEARCH_PATHS = (
					"$(inherited)",
					"@executable_path/Frameworks",
					"@loader_path/Frameworks",
				);
				PRODUCT_BUNDLE_IDENTIFIER = com.ava.crnkovic.favoritesUITests;
				PRODUCT_NAME = "$(TARGET_NAME)";
				TARGETED_DEVICE_FAMILY = "1,2";
				TEST_TARGET_NAME = favorites;
			};
			name = Debug;
		};
		464D1DC4269C7EC300C32AE2 /* Release */ = {
			isa = XCBuildConfiguration;
			baseConfigurationReference = 0210087384DCC8DAD2D8B50F /* Pods-favorites-favoritesUITests.release.xcconfig */;
			buildSettings = {
				CODE_SIGN_STYLE = Automatic;
				DEVELOPMENT_TEAM = DTY9TBD24Y;
				INFOPLIST_FILE = favoritesUITests/Info.plist;
				LD_RUNPATH_SEARCH_PATHS = (
					"$(inherited)",
					"@executable_path/Frameworks",
					"@loader_path/Frameworks",
				);
				PRODUCT_BUNDLE_IDENTIFIER = com.ava.crnkovic.favoritesUITests;
				PRODUCT_NAME = "$(TARGET_NAME)";
				TARGETED_DEVICE_FAMILY = "1,2";
				TEST_TARGET_NAME = favorites;
			};
			name = Release;
		};
/* End XCBuildConfiguration section */

/* Begin XCConfigurationList section */
		464D1D88269C7EB400C32AE2 /* Build configuration list for PBXProject "favorites" */ = {
			isa = XCConfigurationList;
			buildConfigurations = (
				464D1DBA269C7EC300C32AE2 /* Debug */,
				464D1DBB269C7EC300C32AE2 /* Release */,
			);
			defaultConfigurationIsVisible = 0;
			defaultConfigurationName = Release;
		};
		464D1DBC269C7EC300C32AE2 /* Build configuration list for PBXNativeTarget "favorites" */ = {
			isa = XCConfigurationList;
			buildConfigurations = (
				464D1DBD269C7EC300C32AE2 /* Debug */,
				464D1DBE269C7EC300C32AE2 /* Release */,
			);
			defaultConfigurationIsVisible = 0;
			defaultConfigurationName = Release;
		};
		464D1DBF269C7EC300C32AE2 /* Build configuration list for PBXNativeTarget "favoritesTests" */ = {
			isa = XCConfigurationList;
			buildConfigurations = (
				464D1DC0269C7EC300C32AE2 /* Debug */,
				464D1DC1269C7EC300C32AE2 /* Release */,
			);
			defaultConfigurationIsVisible = 0;
			defaultConfigurationName = Release;
		};
		464D1DC2269C7EC300C32AE2 /* Build configuration list for PBXNativeTarget "favoritesUITests" */ = {
			isa = XCConfigurationList;
			buildConfigurations = (
				464D1DC3269C7EC300C32AE2 /* Debug */,
				464D1DC4269C7EC300C32AE2 /* Release */,
			);
			defaultConfigurationIsVisible = 0;
			defaultConfigurationName = Release;
		};
/* End XCConfigurationList section */
	};
	rootObject = 464D1D85269C7EB400C32AE2 /* Project object */;
}
